
Microsoft Visual Studio Solution File, Format Version 12.00
# Visual Studio 14
VisualStudioVersion = 14.0.23107.0
MinimumVisualStudioVersion = 10.0.40219.1
Project("{FAE04EC0-301F-11D3-BF4B-00C04F79EFBC}") = "NugetUtilities.UpdateVersion", "NugetUtilities.UpdateVersion\NugetUtilities.UpdateVersion.csproj", "{75BDA240-4FC0-41DC-A9D9-00E35BE8349B}"
EndProject
Project("{FAE04EC0-301F-11D3-BF4B-00C04F79EFBC}") = "NugetUtilities.UpdateReleaseNotes", "NugetUtilities.UpdateReleaseNotes\NugetUtilities.UpdateReleaseNotes.csproj", "{A3214345-EFA1-4051-8C54-1C6CA92CF318}"
EndProject
Project("{FAE04EC0-301F-11D3-BF4B-00C04F79EFBC}") = "NugetUtilities.Shared", "NugetUtilities.Shared\NugetUtilities.Shared.csproj", "{7CCDD53F-3048-4CF4-B54D-B5BB60B61F5C}"
EndProject
Project("{FAE04EC0-301F-11D3-BF4B-00C04F79EFBC}") = "NugetUtilities.UpdateAssemblyInfo", "NugetUtilities.UpdateAssemblyInfo\NugetUtilities.UpdateAssemblyInfo.csproj", "{96F11CA9-CD60-47FE-8019-9D0514FA3EC9}"
EndProject
Global
	GlobalSection(SolutionConfigurationPlatforms) = preSolution
		Debug|Any CPU = Debug|Any CPU
		Release|Any CPU = Release|Any CPU
	EndGlobalSection
	GlobalSection(ProjectConfigurationPlatforms) = postSolution
		{75BDA240-4FC0-41DC-A9D9-00E35BE8349B}.Debug|Any CPU.ActiveCfg = Debug|Any CPU
		{75BDA240-4FC0-41DC-A9D9-00E35BE8349B}.Debug|Any CPU.Build.0 = Debug|Any CPU
		{75BDA240-4FC0-41DC-A9D9-00E35BE8349B}.Release|Any CPU.ActiveCfg = Release|Any CPU
		{75BDA240-4FC0-41DC-A9D9-00E35BE8349B}.Release|Any CPU.Build.0 = Release|Any CPU
		{A3214345-EFA1-4051-8C54-1C6CA92CF318}.Debug|Any CPU.ActiveCfg = Debug|Any CPU
		{A3214345-EFA1-4051-8C54-1C6CA92CF318}.Debug|Any CPU.Build.0 = Debug|Any CPU
		{A3214345-EFA1-4051-8C54-1C6CA92CF318}.Release|Any CPU.ActiveCfg = Release|Any CPU
		{A3214345-EFA1-4051-8C54-1C6CA92CF318}.Release|Any CPU.Build.0 = Release|Any CPU
		{7CCDD53F-3048-4CF4-B54D-B5BB60B61F5C}.Debug|Any CPU.ActiveCfg = Debug|Any CPU
		{7CCDD53F-3048-4CF4-B54D-B5BB60B61F5C}.Debug|Any CPU.Build.0 = Debug|Any CPU
		{7CCDD53F-3048-4CF4-B54D-B5BB60B61F5C}.Release|Any CPU.ActiveCfg = Release|Any CPU
		{7CCDD53F-3048-4CF4-B54D-B5BB60B61F5C}.Release|Any CPU.Build.0 = Release|Any CPU
		{96F11CA9-CD60-47FE-8019-9D0514FA3EC9}.Debug|Any CPU.ActiveCfg = Debug|Any CPU
		{96F11CA9-CD60-47FE-8019-9D0514FA3EC9}.Debug|Any CPU.Build.0 = Debug|Any CPU
		{96F11CA9-CD60-47FE-8019-9D0514FA3EC9}.Release|Any CPU.ActiveCfg = Release|Any CPU
		{96F11CA9-CD60-47FE-8019-9D0514FA3EC9}.Release|Any CPU.Build.0 = Release|Any CPU
	EndGlobalSection
	GlobalSection(SolutionProperties) = preSolution
		HideSolutionNode = FALSE
	EndGlobalSection
EndGlobal
